
Microsoft Visual Studio Solution File, Format Version 12.00
# Visual Studio Version 17
VisualStudioVersion = 17.0.31903.59
MinimumVisualStudioVersion = 10.0.40219.1
Project("{2150E333-8FDC-42A3-9474-1A3956D46DE8}") = "src", "src", "{58901446-F190-46A7-9E00-BB40274E2344}"
EndProject
Project("{FAE04EC0-301F-11D3-BF4B-00C04F79EFBC}") = "BookingSystem.Api", "src\BookingSystem.Api\BookingSystem.Api.csproj", "{714AF159-5FCE-438D-850E-7B6EE2FE9DB3}"
EndProject
Project("{FAE04EC0-301F-11D3-BF4B-00C04F79EFBC}") = "BookingSystem.Application", "src\BookingSystem.Application\BookingSystem.Application.csproj", "{80BF9F47-5C1C-41F1-847F-A73460BCC8AB}"
EndProject
Project("{FAE04EC0-301F-11D3-BF4B-00C04F79EFBC}") = "BookingSystem.Contracts", "src\BookingSystem.Contracts\BookingSystem.Contracts.csproj", "{CA6E1224-E50F-433A-BE2A-0982454AF25B}"
EndProject
Project("{FAE04EC0-301F-11D3-BF4B-00C04F79EFBC}") = "BookingSystem.Domain", "src\BookingSystem.Domain\BookingSystem.Domain.csproj", "{D3A12B43-C132-4C97-B8E6-F2279826E574}"
EndProject
Project("{FAE04EC0-301F-11D3-BF4B-00C04F79EFBC}") = "BookingSystem.Infrastructure", "src\BookingSystem.Infrastructure\BookingSystem.Infrastructure.csproj", "{2D3D36D8-959A-4903-8CB1-38ABD7D2E4B8}"
EndProject
Project("{2150E333-8FDC-42A3-9474-1A3956D46DE8}") = "tests", "tests", "{95C6E204-D516-4B17-9698-51035CD6EC2D}"
EndProject
Project("{2150E333-8FDC-42A3-9474-1A3956D46DE8}") = "UnitTests", "UnitTests", "{E3E30081-831B-4E62-A63E-185EEE95B130}"
EndProject
Project("{FAE04EC0-301F-11D3-BF4B-00C04F79EFBC}") = "BookingSystem.Api.UnitTests", "tests\UnitTests\BookingSystem.Api.UnitTests\BookingSystem.Api.UnitTests.csproj", "{4735BDE3-5D2D-4C8E-80DF-618C497C7E8E}"
EndProject
Project("{FAE04EC0-301F-11D3-BF4B-00C04F79EFBC}") = "BookingSystem.Application.UnitTests", "tests\UnitTests\BookingSystem.Application.UnitTests\BookingSystem.Application.UnitTests.csproj", "{555C25BC-04A6-4A0D-93DF-1598075DCB94}"
EndProject
Project("{FAE04EC0-301F-11D3-BF4B-00C04F79EFBC}") = "BookingSystem.Domain.UnitTests", "tests\UnitTests\BookingSystem.Domain.UnitTests\BookingSystem.Domain.UnitTests.csproj", "{C0C9EFB6-1F28-4BDD-93F3-227F5534F0AC}"
EndProject
Project("{FAE04EC0-301F-11D3-BF4B-00C04F79EFBC}") = "BookingSystem.Infrastructure.UnitTests", "tests\UnitTests\BookingSystem.Infrastructure.UnitTests\BookingSystem.Infrastructure.UnitTests.csproj", "{C97EB08F-D26B-4855-9DCF-F64F1761C105}"
EndProject
Global
	GlobalSection(SolutionConfigurationPlatforms) = preSolution
		Debug|Any CPU = Debug|Any CPU
		Release|Any CPU = Release|Any CPU
	EndGlobalSection
	GlobalSection(SolutionProperties) = preSolution
		HideSolutionNode = FALSE
	EndGlobalSection
	GlobalSection(ProjectConfigurationPlatforms) = postSolution
		{714AF159-5FCE-438D-850E-7B6EE2FE9DB3}.Debug|Any CPU.ActiveCfg = Debug|Any CPU
		{714AF159-5FCE-438D-850E-7B6EE2FE9DB3}.Debug|Any CPU.Build.0 = Debug|Any CPU
		{714AF159-5FCE-438D-850E-7B6EE2FE9DB3}.Release|Any CPU.ActiveCfg = Release|Any CPU
		{714AF159-5FCE-438D-850E-7B6EE2FE9DB3}.Release|Any CPU.Build.0 = Release|Any CPU
		{80BF9F47-5C1C-41F1-847F-A73460BCC8AB}.Debug|Any CPU.ActiveCfg = Debug|Any CPU
		{80BF9F47-5C1C-41F1-847F-A73460BCC8AB}.Debug|Any CPU.Build.0 = Debug|Any CPU
		{80BF9F47-5C1C-41F1-847F-A73460BCC8AB}.Release|Any CPU.ActiveCfg = Release|Any CPU
		{80BF9F47-5C1C-41F1-847F-A73460BCC8AB}.Release|Any CPU.Build.0 = Release|Any CPU
		{CA6E1224-E50F-433A-BE2A-0982454AF25B}.Debug|Any CPU.ActiveCfg = Debug|Any CPU
		{CA6E1224-E50F-433A-BE2A-0982454AF25B}.Debug|Any CPU.Build.0 = Debug|Any CPU
		{CA6E1224-E50F-433A-BE2A-0982454AF25B}.Release|Any CPU.ActiveCfg = Release|Any CPU
		{CA6E1224-E50F-433A-BE2A-0982454AF25B}.Release|Any CPU.Build.0 = Release|Any CPU
		{D3A12B43-C132-4C97-B8E6-F2279826E574}.Debug|Any CPU.ActiveCfg = Debug|Any CPU
		{D3A12B43-C132-4C97-B8E6-F2279826E574}.Debug|Any CPU.Build.0 = Debug|Any CPU
		{D3A12B43-C132-4C97-B8E6-F2279826E574}.Release|Any CPU.ActiveCfg = Release|Any CPU
		{D3A12B43-C132-4C97-B8E6-F2279826E574}.Release|Any CPU.Build.0 = Release|Any CPU
		{2D3D36D8-959A-4903-8CB1-38ABD7D2E4B8}.Debug|Any CPU.ActiveCfg = Debug|Any CPU
		{2D3D36D8-959A-4903-8CB1-38ABD7D2E4B8}.Debug|Any CPU.Build.0 = Debug|Any CPU
		{2D3D36D8-959A-4903-8CB1-38ABD7D2E4B8}.Release|Any CPU.ActiveCfg = Release|Any CPU
		{2D3D36D8-959A-4903-8CB1-38ABD7D2E4B8}.Release|Any CPU.Build.0 = Release|Any CPU
		{4735BDE3-5D2D-4C8E-80DF-618C497C7E8E}.Debug|Any CPU.ActiveCfg = Debug|Any CPU
		{4735BDE3-5D2D-4C8E-80DF-618C497C7E8E}.Debug|Any CPU.Build.0 = Debug|Any CPU
		{4735BDE3-5D2D-4C8E-80DF-618C497C7E8E}.Release|Any CPU.ActiveCfg = Release|Any CPU
		{4735BDE3-5D2D-4C8E-80DF-618C497C7E8E}.Release|Any CPU.Build.0 = Release|Any CPU
		{555C25BC-04A6-4A0D-93DF-1598075DCB94}.Debug|Any CPU.ActiveCfg = Debug|Any CPU
		{555C25BC-04A6-4A0D-93DF-1598075DCB94}.Debug|Any CPU.Build.0 = Debug|Any CPU
		{555C25BC-04A6-4A0D-93DF-1598075DCB94}.Release|Any CPU.ActiveCfg = Release|Any CPU
		{555C25BC-04A6-4A0D-93DF-1598075DCB94}.Release|Any CPU.Build.0 = Release|Any CPU
		{C0C9EFB6-1F28-4BDD-93F3-227F5534F0AC}.Debug|Any CPU.ActiveCfg = Debug|Any CPU
		{C0C9EFB6-1F28-4BDD-93F3-227F5534F0AC}.Debug|Any CPU.Build.0 = Debug|Any CPU
		{C0C9EFB6-1F28-4BDD-93F3-227F5534F0AC}.Release|Any CPU.ActiveCfg = Release|Any CPU
		{C0C9EFB6-1F28-4BDD-93F3-227F5534F0AC}.Release|Any CPU.Build.0 = Release|Any CPU
		{C97EB08F-D26B-4855-9DCF-F64F1761C105}.Debug|Any CPU.ActiveCfg = Debug|Any CPU
		{C97EB08F-D26B-4855-9DCF-F64F1761C105}.Debug|Any CPU.Build.0 = Debug|Any CPU
		{C97EB08F-D26B-4855-9DCF-F64F1761C105}.Release|Any CPU.ActiveCfg = Release|Any CPU
		{C97EB08F-D26B-4855-9DCF-F64F1761C105}.Release|Any CPU.Build.0 = Release|Any CPU
	EndGlobalSection
	GlobalSection(NestedProjects) = preSolution
		{714AF159-5FCE-438D-850E-7B6EE2FE9DB3} = {58901446-F190-46A7-9E00-BB40274E2344}
		{80BF9F47-5C1C-41F1-847F-A73460BCC8AB} = {58901446-F190-46A7-9E00-BB40274E2344}
		{CA6E1224-E50F-433A-BE2A-0982454AF25B} = {58901446-F190-46A7-9E00-BB40274E2344}
		{D3A12B43-C132-4C97-B8E6-F2279826E574} = {58901446-F190-46A7-9E00-BB40274E2344}
		{2D3D36D8-959A-4903-8CB1-38ABD7D2E4B8} = {58901446-F190-46A7-9E00-BB40274E2344}
		{E3E30081-831B-4E62-A63E-185EEE95B130} = {95C6E204-D516-4B17-9698-51035CD6EC2D}
		{4735BDE3-5D2D-4C8E-80DF-618C497C7E8E} = {E3E30081-831B-4E62-A63E-185EEE95B130}
		{555C25BC-04A6-4A0D-93DF-1598075DCB94} = {E3E30081-831B-4E62-A63E-185EEE95B130}
		{C0C9EFB6-1F28-4BDD-93F3-227F5534F0AC} = {E3E30081-831B-4E62-A63E-185EEE95B130}
		{C97EB08F-D26B-4855-9DCF-F64F1761C105} = {E3E30081-831B-4E62-A63E-185EEE95B130}
	EndGlobalSection
EndGlobal
